// !$*UTF8*$!
{
	archiveVersion = 1;
	classes = {
	};
	objectVersion = 46;
	objects = {

/* Begin PBXBuildFile section */
		657FCB4D182149C8002DA371 /* SCABaseDataFormat.m in Sources */ = {isa = PBXBuildFile; fileRef = 657FCAEA182149C8002DA371 /* SCABaseDataFormat.m */; };
		657FCB4E182149C8002DA371 /* SCABaseDataFormat.m in Sources */ = {isa = PBXBuildFile; fileRef = 657FCAEA182149C8002DA371 /* SCABaseDataFormat.m */; };
		657FCB4F182149C8002DA371 /* SCAPcmDataFormat.m in Sources */ = {isa = PBXBuildFile; fileRef = 657FCAEC182149C8002DA371 /* SCAPcmDataFormat.m */; };
		657FCB50182149C8002DA371 /* SCAPcmDataFormat.m in Sources */ = {isa = PBXBuildFile; fileRef = 657FCAEC182149C8002DA371 /* SCAPcmDataFormat.m */; };
		657FCB51182149C8002DA371 /* SCAWavDataFormat.m in Sources */ = {isa = PBXBuildFile; fileRef = 657FCAEE182149C8002DA371 /* SCAWavDataFormat.m */; };
		657FCB52182149C8002DA371 /* SCAWavDataFormat.m in Sources */ = {isa = PBXBuildFile; fileRef = 657FCAEE182149C8002DA371 /* SCAWavDataFormat.m */; };
		657FCB53182149C8002DA371 /* NSStream_BoundPairAdditions.m in Sources */ = {isa = PBXBuildFile; fileRef = 657FCAF1182149C8002DA371 /* NSStream_BoundPairAdditions.m */; };
		657FCB54182149C8002DA371 /* NSStream_BoundPairAdditions.m in Sources */ = {isa = PBXBuildFile; fileRef = 657FCAF1182149C8002DA371 /* NSStream_BoundPairAdditions.m */; };
		657FCB55182149C8002DA371 /* SCAMillisecondsUtils.m in Sources */ = {isa = PBXBuildFile; fileRef = 657FCAF3182149C8002DA371 /* SCAMillisecondsUtils.m */; };
		657FCB56182149C8002DA371 /* SCAMillisecondsUtils.m in Sources */ = {isa = PBXBuildFile; fileRef = 657FCAF3182149C8002DA371 /* SCAMillisecondsUtils.m */; };
		657FCB57182149C8002DA371 /* SCAStreamPostManager.m in Sources */ = {isa = PBXBuildFile; fileRef = 657FCAF5182149C8002DA371 /* SCAStreamPostManager.m */; };
		657FCB58182149C8002DA371 /* SCAStreamPostManager.m in Sources */ = {isa = PBXBuildFile; fileRef = 657FCAF5182149C8002DA371 /* SCAStreamPostManager.m */; };
		657FCB59182149C8002DA371 /* SCAUrlRequest.m in Sources */ = {isa = PBXBuildFile; fileRef = 657FCAF8182149C8002DA371 /* SCAUrlRequest.m */; };
		657FCB5A182149C8002DA371 /* SCAUrlRequest.m in Sources */ = {isa = PBXBuildFile; fileRef = 657FCAF8182149C8002DA371 /* SCAUrlRequest.m */; };
		657FCB5B182149C8002DA371 /* SCAGeoLocation.m in Sources */ = {isa = PBXBuildFile; fileRef = 657FCAFC182149C8002DA371 /* SCAGeoLocation.m */; };
		657FCB5C182149C8002DA371 /* SCAGeoLocation.m in Sources */ = {isa = PBXBuildFile; fileRef = 657FCAFC182149C8002DA371 /* SCAGeoLocation.m */; };
		657FCB5D182149C8002DA371 /* SCARecorderInfo.m in Sources */ = {isa = PBXBuildFile; fileRef = 657FCAFE182149C8002DA371 /* SCARecorderInfo.m */; };
		657FCB5E182149C8002DA371 /* SCARecorderInfo.m in Sources */ = {isa = PBXBuildFile; fileRef = 657FCAFE182149C8002DA371 /* SCARecorderInfo.m */; };
		657FCB5F182149C8002DA371 /* SCARequiredAnalysis.m in Sources */ = {isa = PBXBuildFile; fileRef = 657FCB00182149C8002DA371 /* SCARequiredAnalysis.m */; };
		657FCB60182149C8002DA371 /* SCARequiredAnalysis.m in Sources */ = {isa = PBXBuildFile; fileRef = 657FCB00182149C8002DA371 /* SCARequiredAnalysis.m */; };
		657FCB61182149C8002DA371 /* SCASessionParameters.m in Sources */ = {isa = PBXBuildFile; fileRef = 657FCB02182149C8002DA371 /* SCASessionParameters.m */; };
		657FCB62182149C8002DA371 /* SCASessionParameters.m in Sources */ = {isa = PBXBuildFile; fileRef = 657FCB02182149C8002DA371 /* SCASessionParameters.m */; };
		657FCB63182149C8002DA371 /* SCAVote.m in Sources */ = {isa = PBXBuildFile; fileRef = 657FCB04182149C8002DA371 /* SCAVote.m */; };
		657FCB64182149C8002DA371 /* SCAVote.m in Sources */ = {isa = PBXBuildFile; fileRef = 657FCB04182149C8002DA371 /* SCAVote.m */; };
		657FCB65182149C8002DA371 /* SCAAnalysisCollection.m in Sources */ = {isa = PBXBuildFile; fileRef = 657FCB07182149C8002DA371 /* SCAAnalysisCollection.m */; };
		657FCB66182149C8002DA371 /* SCAAnalysisCollection.m in Sources */ = {isa = PBXBuildFile; fileRef = 657FCB07182149C8002DA371 /* SCAAnalysisCollection.m */; };
		657FCB67182149C8002DA371 /* SCAAnalysisResult.m in Sources */ = {isa = PBXBuildFile; fileRef = 657FCB09182149C8002DA371 /* SCAAnalysisResult.m */; };
		657FCB68182149C8002DA371 /* SCAAnalysisResult.m in Sources */ = {isa = PBXBuildFile; fileRef = 657FCB09182149C8002DA371 /* SCAAnalysisResult.m */; };
		657FCB69182149C8002DA371 /* SCACompositStringAnalysis.m in Sources */ = {isa = PBXBuildFile; fileRef = 657FCB0B182149C8002DA371 /* SCACompositStringAnalysis.m */; };
		657FCB6A182149C8002DA371 /* SCACompositStringAnalysis.m in Sources */ = {isa = PBXBuildFile; fileRef = 657FCB0B182149C8002DA371 /* SCACompositStringAnalysis.m */; };
		657FCB6B182149C8002DA371 /* SCAFloatAnalysis.m in Sources */ = {isa = PBXBuildFile; fileRef = 657FCB0D182149C8002DA371 /* SCAFloatAnalysis.m */; };
		657FCB6C182149C8002DA371 /* SCAFloatAnalysis.m in Sources */ = {isa = PBXBuildFile; fileRef = 657FCB0D182149C8002DA371 /* SCAFloatAnalysis.m */; };
		657FCB6D182149C8002DA371 /* SCAFollowupActions.m in Sources */ = {isa = PBXBuildFile; fileRef = 657FCB0F182149C8002DA371 /* SCAFollowupActions.m */; };
		657FCB6E182149C8002DA371 /* SCAFollowupActions.m in Sources */ = {isa = PBXBuildFile; fileRef = 657FCB0F182149C8002DA371 /* SCAFollowupActions.m */; };
		657FCB6F182149C8002DA371 /* SCAHeirarchyStringAnalysis.m in Sources */ = {isa = PBXBuildFile; fileRef = 657FCB11182149C8002DA371 /* SCAHeirarchyStringAnalysis.m */; };
		657FCB70182149C8002DA371 /* SCAHeirarchyStringAnalysis.m in Sources */ = {isa = PBXBuildFile; fileRef = 657FCB11182149C8002DA371 /* SCAHeirarchyStringAnalysis.m */; };
		657FCB71182149C8002DA371 /* SCAResponseStatuses.m in Sources */ = {isa = PBXBuildFile; fileRef = 657FCB13182149C8002DA371 /* SCAResponseStatuses.m */; };
		657FCB72182149C8002DA371 /* SCAResponseStatuses.m in Sources */ = {isa = PBXBuildFile; fileRef = 657FCB13182149C8002DA371 /* SCAResponseStatuses.m */; };
		657FCB73182149C8002DA371 /* SCASegment.m in Sources */ = {isa = PBXBuildFile; fileRef = 657FCB15182149C8002DA371 /* SCASegment.m */; };
		657FCB74182149C8002DA371 /* SCASegment.m in Sources */ = {isa = PBXBuildFile; fileRef = 657FCB15182149C8002DA371 /* SCASegment.m */; };
		657FCB75182149C8002DA371 /* SCASessionStatuses.m in Sources */ = {isa = PBXBuildFile; fileRef = 657FCB17182149C8002DA371 /* SCASessionStatuses.m */; };
		657FCB76182149C8002DA371 /* SCASessionStatuses.m in Sources */ = {isa = PBXBuildFile; fileRef = 657FCB17182149C8002DA371 /* SCASessionStatuses.m */; };
		657FCB77182149C8002DA371 /* SCAStartSessionResult.m in Sources */ = {isa = PBXBuildFile; fileRef = 657FCB19182149C8002DA371 /* SCAStartSessionResult.m */; };
		657FCB78182149C8002DA371 /* SCAStartSessionResult.m in Sources */ = {isa = PBXBuildFile; fileRef = 657FCB19182149C8002DA371 /* SCAStartSessionResult.m */; };
		657FCB79182149C8002DA371 /* SCAStringAnalysis.m in Sources */ = {isa = PBXBuildFile; fileRef = 657FCB1B182149C8002DA371 /* SCAStringAnalysis.m */; };
		657FCB7A182149C8002DA371 /* SCAStringAnalysis.m in Sources */ = {isa = PBXBuildFile; fileRef = 657FCB1B182149C8002DA371 /* SCAStringAnalysis.m */; };
		657FCB7B182149C8002DA371 /* SCASummaryCollection.m in Sources */ = {isa = PBXBuildFile; fileRef = 657FCB1D182149C8002DA371 /* SCASummaryCollection.m */; };
		657FCB7C182149C8002DA371 /* SCASummaryCollection.m in Sources */ = {isa = PBXBuildFile; fileRef = 657FCB1D182149C8002DA371 /* SCASummaryCollection.m */; };
		657FCB7D182149C8002DA371 /* SCASummaryResult.m in Sources */ = {isa = PBXBuildFile; fileRef = 657FCB1F182149C8002DA371 /* SCASummaryResult.m */; };
		657FCB7E182149C8002DA371 /* SCASummaryResult.m in Sources */ = {isa = PBXBuildFile; fileRef = 657FCB1F182149C8002DA371 /* SCASummaryResult.m */; };
		657FCB7F182149C8002DA371 /* SCATemperMeterValues.m in Sources */ = {isa = PBXBuildFile; fileRef = 657FCB21182149C8002DA371 /* SCATemperMeterValues.m */; };
		657FCB80182149C8002DA371 /* SCATemperMeterValues.m in Sources */ = {isa = PBXBuildFile; fileRef = 657FCB21182149C8002DA371 /* SCATemperMeterValues.m */; };
		657FCB81182149C8002DA371 /* SCAVoteResult.m in Sources */ = {isa = PBXBuildFile; fileRef = 657FCB23182149C8002DA371 /* SCAVoteResult.m */; };
		657FCB82182149C8002DA371 /* SCAVoteResult.m in Sources */ = {isa = PBXBuildFile; fileRef = 657FCB23182149C8002DA371 /* SCAVoteResult.m */; };
		657FCB83182149C8002DA371 /* SCAEmotionsAnalyzer.m in Sources */ = {isa = PBXBuildFile; fileRef = 657FCB25182149C8002DA371 /* SCAEmotionsAnalyzer.m */; };
		657FCB84182149C8002DA371 /* SCAEmotionsAnalyzer.m in Sources */ = {isa = PBXBuildFile; fileRef = 657FCB25182149C8002DA371 /* SCAEmotionsAnalyzer.m */; };
		657FCB85182149C8002DA371 /* SCAAnalysisResponder.m in Sources */ = {isa = PBXBuildFile; fileRef = 657FCB28182149C8002DA371 /* SCAAnalysisResponder.m */; };
		657FCB86182149C8002DA371 /* SCAAnalysisResponder.m in Sources */ = {isa = PBXBuildFile; fileRef = 657FCB28182149C8002DA371 /* SCAAnalysisResponder.m */; };
		657FCB87182149C8002DA371 /* SCAEmotionAnalysisHosts.m in Sources */ = {isa = PBXBuildFile; fileRef = 657FCB2B182149C8002DA371 /* SCAEmotionAnalysisHosts.m */; };
		657FCB88182149C8002DA371 /* SCAEmotionAnalysisHosts.m in Sources */ = {isa = PBXBuildFile; fileRef = 657FCB2B182149C8002DA371 /* SCAEmotionAnalysisHosts.m */; };
		657FCB89182149C8002DA371 /* SCAEmotionsAnalyzerSession.m in Sources */ = {isa = PBXBuildFile; fileRef = 657FCB2D182149C8002DA371 /* SCAEmotionsAnalyzerSession.m */; };
		657FCB8A182149C8002DA371 /* SCAEmotionsAnalyzerSession.m in Sources */ = {isa = PBXBuildFile; fileRef = 657FCB2D182149C8002DA371 /* SCAEmotionsAnalyzerSession.m */; };
		657FCB8B182149C8002DA371 /* SCAStartSessionResponder.m in Sources */ = {isa = PBXBuildFile; fileRef = 657FCB32182149C8002DA371 /* SCAStartSessionResponder.m */; };
		657FCB8C182149C8002DA371 /* SCAStartSessionResponder.m in Sources */ = {isa = PBXBuildFile; fileRef = 657FCB32182149C8002DA371 /* SCAStartSessionResponder.m */; };
		657FCB8D182149C8002DA371 /* SCASummaryResponder.m in Sources */ = {isa = PBXBuildFile; fileRef = 657FCB35182149C8002DA371 /* SCASummaryResponder.m */; };
		657FCB8E182149C8002DA371 /* SCASummaryResponder.m in Sources */ = {isa = PBXBuildFile; fileRef = 657FCB35182149C8002DA371 /* SCASummaryResponder.m */; };
		657FCB8F182149C8002DA371 /* SCAUpStreamVoiceResponder.m in Sources */ = {isa = PBXBuildFile; fileRef = 657FCB38182149C8002DA371 /* SCAUpStreamVoiceResponder.m */; };
		657FCB90182149C8002DA371 /* SCAUpStreamVoiceResponder.m in Sources */ = {isa = PBXBuildFile; fileRef = 657FCB38182149C8002DA371 /* SCAUpStreamVoiceResponder.m */; };
		657FCB91182149C8002DA371 /* SCAVoteResponder.m in Sources */ = {isa = PBXBuildFile; fileRef = 657FCB3B182149C8002DA371 /* SCAVoteResponder.m */; };
		657FCB92182149C8002DA371 /* SCAVoteResponder.m in Sources */ = {isa = PBXBuildFile; fileRef = 657FCB3B182149C8002DA371 /* SCAVoteResponder.m */; };
		657FCB93182149C8002DA371 /* AppDelegate.m in Sources */ = {isa = PBXBuildFile; fileRef = 657FCB3F182149C8002DA371 /* AppDelegate.m */; };
		657FCB94182149C8002DA371 /* AppDelegate.m in Sources */ = {isa = PBXBuildFile; fileRef = 657FCB3F182149C8002DA371 /* AppDelegate.m */; };
		657FCB95182149C8002DA371 /* DetailsViewController.m in Sources */ = {isa = PBXBuildFile; fileRef = 657FCB41182149C8002DA371 /* DetailsViewController.m */; };
		657FCB96182149C8002DA371 /* DetailsViewController.m in Sources */ = {isa = PBXBuildFile; fileRef = 657FCB41182149C8002DA371 /* DetailsViewController.m */; };
		657FCB97182149C8002DA371 /* DetailsViewController.xib in Resources */ = {isa = PBXBuildFile; fileRef = 657FCB42182149C8002DA371 /* DetailsViewController.xib */; };
		657FCB98182149C8002DA371 /* DetailsViewController.xib in Resources */ = {isa = PBXBuildFile; fileRef = 657FCB42182149C8002DA371 /* DetailsViewController.xib */; };
		657FCB99182149C8002DA371 /* MainViewController.m in Sources */ = {isa = PBXBuildFile; fileRef = 657FCB44182149C8002DA371 /* MainViewController.m */; };
		657FCB9A182149C8002DA371 /* MainViewController.m in Sources */ = {isa = PBXBuildFile; fileRef = 657FCB44182149C8002DA371 /* MainViewController.m */; };
		657FCB9B182149C8002DA371 /* MainViewController.xib in Resources */ = {isa = PBXBuildFile; fileRef = 657FCB45182149C8002DA371 /* MainViewController.xib */; };
		657FCB9C182149C8002DA371 /* MainViewController.xib in Resources */ = {isa = PBXBuildFile; fileRef = 657FCB45182149C8002DA371 /* MainViewController.xib */; };
		657FCB9D182149C8002DA371 /* Sample.WAV in Resources */ = {isa = PBXBuildFile; fileRef = 657FCB46182149C8002DA371 /* Sample.WAV */; };
		657FCB9E182149C8002DA371 /* Sample.WAV in Resources */ = {isa = PBXBuildFile; fileRef = 657FCB46182149C8002DA371 /* Sample.WAV */; };
		657FCBAF18214A6F002DA371 /* InfoPlist.strings in Resources */ = {isa = PBXBuildFile; fileRef = 657FCBAA18214A6F002DA371 /* InfoPlist.strings */; };
		657FCBB018214A6F002DA371 /* InfoPlist.strings in Resources */ = {isa = PBXBuildFile; fileRef = 657FCBAA18214A6F002DA371 /* InfoPlist.strings */; };
		657FCBB118214A6F002DA371 /* main.m in Sources */ = {isa = PBXBuildFile; fileRef = 657FCBAC18214A6F002DA371 /* main.m */; };
		657FCBB218214A6F002DA371 /* main.m in Sources */ = {isa = PBXBuildFile; fileRef = 657FCBAC18214A6F002DA371 /* main.m */; };
		657FCBB7182153F7002DA371 /* OpenUDID.m in Sources */ = {isa = PBXBuildFile; fileRef = 657FCBB6182153F7002DA371 /* OpenUDID.m */; settings = {COMPILER_FLAGS = "-fno-objc-arc"; }; };
		657FCBB8182153F7002DA371 /* OpenUDID.m in Sources */ = {isa = PBXBuildFile; fileRef = 657FCBB6182153F7002DA371 /* OpenUDID.m */; };
		657FCBBF18215856002DA371 /* VoiceDataStreamer.m in Sources */ = {isa = PBXBuildFile; fileRef = 657FCBBE18215856002DA371 /* VoiceDataStreamer.m */; };
		657FCBC018215856002DA371 /* VoiceDataStreamer.m in Sources */ = {isa = PBXBuildFile; fileRef = 657FCBBE18215856002DA371 /* VoiceDataStreamer.m */; };
		657FCBC318216442002DA371 /* VoiceRecorder.m in Sources */ = {isa = PBXBuildFile; fileRef = 657FCBC218216442002DA371 /* VoiceRecorder.m */; };
		657FCBC418216442002DA371 /* VoiceRecorder.m in Sources */ = {isa = PBXBuildFile; fileRef = 657FCBC218216442002DA371 /* VoiceRecorder.m */; };
		657FCBC91822531F002DA371 /* ScarlettSDK.rtf in Resources */ = {isa = PBXBuildFile; fileRef = 657FCBC81822531F002DA371 /* ScarlettSDK.rtf */; };
		657FCBCA1822531F002DA371 /* ScarlettSDK.rtf in Resources */ = {isa = PBXBuildFile; fileRef = 657FCBC81822531F002DA371 /* ScarlettSDK.rtf */; };
		65C5F57F1813B2BF0012328F /* Foundation.framework in Frameworks */ = {isa = PBXBuildFile; fileRef = 65C5F57E1813B2BF0012328F /* Foundation.framework */; };
		65C5F5811813B2BF0012328F /* CoreGraphics.framework in Frameworks */ = {isa = PBXBuildFile; fileRef = 65C5F5801813B2BF0012328F /* CoreGraphics.framework */; };
		65C5F5831813B2BF0012328F /* UIKit.framework in Frameworks */ = {isa = PBXBuildFile; fileRef = 65C5F5821813B2BF0012328F /* UIKit.framework */; };
		65C5F59F1813B2BF0012328F /* Foundation.framework in Frameworks */ = {isa = PBXBuildFile; fileRef = 65C5F57E1813B2BF0012328F /* Foundation.framework */; };
		65C5F5A01813B2BF0012328F /* UIKit.framework in Frameworks */ = {isa = PBXBuildFile; fileRef = 65C5F5821813B2BF0012328F /* UIKit.framework */; };
		65C5F78218140C0A0012328F /* AudioToolbox.framework in Frameworks */ = {isa = PBXBuildFile; fileRef = 65C5F78118140C090012328F /* AudioToolbox.framework */; };
/* End PBXBuildFile section */

/* Begin PBXContainerItemProxy section */
		65C5F5A11813B2BF0012328F /* PBXContainerItemProxy */ = {
			isa = PBXContainerItemProxy;
			containerPortal = 65C5F5731813B2BF0012328F /* Project object */;
			proxyType = 1;
			remoteGlobalIDString = 65C5F57A1813B2BF0012328F;
			remoteInfo = Scarlett;
		};
/* End PBXContainerItemProxy section */

/* Begin PBXFileReference section */
		657FCAE8182149C8002DA371 /* SCAAudioEncodingFormat.h */ = {isa = PBXFileReference; fileEncoding = 4; lastKnownFileType = sourcecode.c.h; path = SCAAudioEncodingFormat.h; sourceTree = "<group>"; };
		657FCAE9182149C8002DA371 /* SCABaseDataFormat.h */ = {isa = PBXFileReference; fileEncoding = 4; lastKnownFileType = sourcecode.c.h; path = SCABaseDataFormat.h; sourceTree = "<group>"; };
		657FCAEA182149C8002DA371 /* SCABaseDataFormat.m */ = {isa = PBXFileReference; fileEncoding = 4; lastKnownFileType = sourcecode.c.objc; path = SCABaseDataFormat.m; sourceTree = "<group>"; };
		657FCAEB182149C8002DA371 /* SCAPcmDataFormat.h */ = {isa = PBXFileReference; fileEncoding = 4; lastKnownFileType = sourcecode.c.h; path = SCAPcmDataFormat.h; sourceTree = "<group>"; };
		657FCAEC182149C8002DA371 /* SCAPcmDataFormat.m */ = {isa = PBXFileReference; fileEncoding = 4; lastKnownFileType = sourcecode.c.objc; path = SCAPcmDataFormat.m; sourceTree = "<group>"; };
		657FCAED182149C8002DA371 /* SCAWavDataFormat.h */ = {isa = PBXFileReference; fileEncoding = 4; lastKnownFileType = sourcecode.c.h; path = SCAWavDataFormat.h; sourceTree = "<group>"; };
		657FCAEE182149C8002DA371 /* SCAWavDataFormat.m */ = {isa = PBXFileReference; fileEncoding = 4; lastKnownFileType = sourcecode.c.objc; path = SCAWavDataFormat.m; sourceTree = "<group>"; };
		657FCAF0182149C8002DA371 /* NSStream_BoundPairAdditions.h */ = {isa = PBXFileReference; fileEncoding = 4; lastKnownFileType = sourcecode.c.h; path = NSStream_BoundPairAdditions.h; sourceTree = "<group>"; };
		657FCAF1182149C8002DA371 /* NSStream_BoundPairAdditions.m */ = {isa = PBXFileReference; fileEncoding = 4; lastKnownFileType = sourcecode.c.objc; path = NSStream_BoundPairAdditions.m; sourceTree = "<group>"; };
		657FCAF2182149C8002DA371 /* SCAMillisecondsUtils.h */ = {isa = PBXFileReference; fileEncoding = 4; lastKnownFileType = sourcecode.c.h; path = SCAMillisecondsUtils.h; sourceTree = "<group>"; };
		657FCAF3182149C8002DA371 /* SCAMillisecondsUtils.m */ = {isa = PBXFileReference; fileEncoding = 4; lastKnownFileType = sourcecode.c.objc; path = SCAMillisecondsUtils.m; sourceTree = "<group>"; };
		657FCAF4182149C8002DA371 /* SCAStreamPostManager.h */ = {isa = PBXFileReference; fileEncoding = 4; lastKnownFileType = sourcecode.c.h; path = SCAStreamPostManager.h; sourceTree = "<group>"; };
		657FCAF5182149C8002DA371 /* SCAStreamPostManager.m */ = {isa = PBXFileReference; fileEncoding = 4; lastKnownFileType = sourcecode.c.objc; path = SCAStreamPostManager.m; sourceTree = "<group>"; };
		657FCAF6182149C8002DA371 /* SCAStreamPostManagerDelegate.h */ = {isa = PBXFileReference; fileEncoding = 4; lastKnownFileType = sourcecode.c.h; path = SCAStreamPostManagerDelegate.h; sourceTree = "<group>"; };
		657FCAF7182149C8002DA371 /* SCAUrlRequest.h */ = {isa = PBXFileReference; fileEncoding = 4; lastKnownFileType = sourcecode.c.h; path = SCAUrlRequest.h; sourceTree = "<group>"; };
		657FCAF8182149C8002DA371 /* SCAUrlRequest.m */ = {isa = PBXFileReference; fileEncoding = 4; lastKnownFileType = sourcecode.c.objc; path = SCAUrlRequest.m; sourceTree = "<group>"; };
		657FCAF9182149C8002DA371 /* SCAUrlRequestDelegate.h */ = {isa = PBXFileReference; fileEncoding = 4; lastKnownFileType = sourcecode.c.h; path = SCAUrlRequestDelegate.h; sourceTree = "<group>"; };
		657FCAFB182149C8002DA371 /* SCAGeoLocation.h */ = {isa = PBXFileReference; fileEncoding = 4; lastKnownFileType = sourcecode.c.h; path = SCAGeoLocation.h; sourceTree = "<group>"; };
		657FCAFC182149C8002DA371 /* SCAGeoLocation.m */ = {isa = PBXFileReference; fileEncoding = 4; lastKnownFileType = sourcecode.c.objc; path = SCAGeoLocation.m; sourceTree = "<group>"; };
		657FCAFD182149C8002DA371 /* SCARecorderInfo.h */ = {isa = PBXFileReference; fileEncoding = 4; lastKnownFileType = sourcecode.c.h; path = SCARecorderInfo.h; sourceTree = "<group>"; };
		657FCAFE182149C8002DA371 /* SCARecorderInfo.m */ = {isa = PBXFileReference; fileEncoding = 4; lastKnownFileType = sourcecode.c.objc; path = SCARecorderInfo.m; sourceTree = "<group>"; };
		657FCAFF182149C8002DA371 /* SCARequiredAnalysis.h */ = {isa = PBXFileReference; fileEncoding = 4; lastKnownFileType = sourcecode.c.h; path = SCARequiredAnalysis.h; sourceTree = "<group>"; };
		657FCB00182149C8002DA371 /* SCARequiredAnalysis.m */ = {isa = PBXFileReference; fileEncoding = 4; lastKnownFileType = sourcecode.c.objc; path = SCARequiredAnalysis.m; sourceTree = "<group>"; };
		657FCB01182149C8002DA371 /* SCASessionParameters.h */ = {isa = PBXFileReference; fileEncoding = 4; lastKnownFileType = sourcecode.c.h; path = SCASessionParameters.h; sourceTree = "<group>"; };
		657FCB02182149C8002DA371 /* SCASessionParameters.m */ = {isa = PBXFileReference; fileEncoding = 4; lastKnownFileType = sourcecode.c.objc; path = SCASessionParameters.m; sourceTree = "<group>"; };
		657FCB03182149C8002DA371 /* SCAVote.h */ = {isa = PBXFileReference; fileEncoding = 4; lastKnownFileType = sourcecode.c.h; path = SCAVote.h; sourceTree = "<group>"; };
		657FCB04182149C8002DA371 /* SCAVote.m */ = {isa = PBXFileReference; fileEncoding = 4; lastKnownFileType = sourcecode.c.objc; path = SCAVote.m; sourceTree = "<group>"; };
		657FCB06182149C8002DA371 /* SCAAnalysisCollection.h */ = {isa = PBXFileReference; fileEncoding = 4; lastKnownFileType = sourcecode.c.h; path = SCAAnalysisCollection.h; sourceTree = "<group>"; };
		657FCB07182149C8002DA371 /* SCAAnalysisCollection.m */ = {isa = PBXFileReference; fileEncoding = 4; lastKnownFileType = sourcecode.c.objc; path = SCAAnalysisCollection.m; sourceTree = "<group>"; };
		657FCB08182149C8002DA371 /* SCAAnalysisResult.h */ = {isa = PBXFileReference; fileEncoding = 4; lastKnownFileType = sourcecode.c.h; path = SCAAnalysisResult.h; sourceTree = "<group>"; };
		657FCB09182149C8002DA371 /* SCAAnalysisResult.m */ = {isa = PBXFileReference; fileEncoding = 4; lastKnownFileType = sourcecode.c.objc; path = SCAAnalysisResult.m; sourceTree = "<group>"; };
		657FCB0A182149C8002DA371 /* SCACompositStringAnalysis.h */ = {isa = PBXFileReference; fileEncoding = 4; lastKnownFileType = sourcecode.c.h; path = SCACompositStringAnalysis.h; sourceTree = "<group>"; };
		657FCB0B182149C8002DA371 /* SCACompositStringAnalysis.m */ = {isa = PBXFileReference; fileEncoding = 4; lastKnownFileType = sourcecode.c.objc; path = SCACompositStringAnalysis.m; sourceTree = "<group>"; };
		657FCB0C182149C8002DA371 /* SCAFloatAnalysis.h */ = {isa = PBXFileReference; fileEncoding = 4; lastKnownFileType = sourcecode.c.h; path = SCAFloatAnalysis.h; sourceTree = "<group>"; };
		657FCB0D182149C8002DA371 /* SCAFloatAnalysis.m */ = {isa = PBXFileReference; fileEncoding = 4; lastKnownFileType = sourcecode.c.objc; path = SCAFloatAnalysis.m; sourceTree = "<group>"; };
		657FCB0E182149C8002DA371 /* SCAFollowupActions.h */ = {isa = PBXFileReference; fileEncoding = 4; lastKnownFileType = sourcecode.c.h; path = SCAFollowupActions.h; sourceTree = "<group>"; };
		657FCB0F182149C8002DA371 /* SCAFollowupActions.m */ = {isa = PBXFileReference; fileEncoding = 4; lastKnownFileType = sourcecode.c.objc; path = SCAFollowupActions.m; sourceTree = "<group>"; };
		657FCB10182149C8002DA371 /* SCAHeirarchyStringAnalysis.h */ = {isa = PBXFileReference; fileEncoding = 4; lastKnownFileType = sourcecode.c.h; path = SCAHeirarchyStringAnalysis.h; sourceTree = "<group>"; };
		657FCB11182149C8002DA371 /* SCAHeirarchyStringAnalysis.m */ = {isa = PBXFileReference; fileEncoding = 4; lastKnownFileType = sourcecode.c.objc; path = SCAHeirarchyStringAnalysis.m; sourceTree = "<group>"; };
		657FCB12182149C8002DA371 /* SCAResponseStatuses.h */ = {isa = PBXFileReference; fileEncoding = 4; lastKnownFileType = sourcecode.c.h; path = SCAResponseStatuses.h; sourceTree = "<group>"; };
		657FCB13182149C8002DA371 /* SCAResponseStatuses.m */ = {isa = PBXFileReference; fileEncoding = 4; lastKnownFileType = sourcecode.c.objc; path = SCAResponseStatuses.m; sourceTree = "<group>"; };
		657FCB14182149C8002DA371 /* SCASegment.h */ = {isa = PBXFileReference; fileEncoding = 4; lastKnownFileType = sourcecode.c.h; path = SCASegment.h; sourceTree = "<group>"; };
		657FCB15182149C8002DA371 /* SCASegment.m */ = {isa = PBXFileReference; fileEncoding = 4; lastKnownFileType = sourcecode.c.objc; path = SCASegment.m; sourceTree = "<group>"; };
		657FCB16182149C8002DA371 /* SCASessionStatuses.h */ = {isa = PBXFileReference; fileEncoding = 4; lastKnownFileType = sourcecode.c.h; path = SCASessionStatuses.h; sourceTree = "<group>"; };
		657FCB17182149C8002DA371 /* SCASessionStatuses.m */ = {isa = PBXFileReference; fileEncoding = 4; lastKnownFileType = sourcecode.c.objc; path = SCASessionStatuses.m; sourceTree = "<group>"; };
		657FCB18182149C8002DA371 /* SCAStartSessionResult.h */ = {isa = PBXFileReference; fileEncoding = 4; lastKnownFileType = sourcecode.c.h; path = SCAStartSessionResult.h; sourceTree = "<group>"; };
		657FCB19182149C8002DA371 /* SCAStartSessionResult.m */ = {isa = PBXFileReference; fileEncoding = 4; lastKnownFileType = sourcecode.c.objc; path = SCAStartSessionResult.m; sourceTree = "<group>"; };
		657FCB1A182149C8002DA371 /* SCAStringAnalysis.h */ = {isa = PBXFileReference; fileEncoding = 4; lastKnownFileType = sourcecode.c.h; path = SCAStringAnalysis.h; sourceTree = "<group>"; };
		657FCB1B182149C8002DA371 /* SCAStringAnalysis.m */ = {isa = PBXFileReference; fileEncoding = 4; lastKnownFileType = sourcecode.c.objc; path = SCAStringAnalysis.m; sourceTree = "<group>"; };
		657FCB1C182149C8002DA371 /* SCASummaryCollection.h */ = {isa = PBXFileReference; fileEncoding = 4; lastKnownFileType = sourcecode.c.h; path = SCASummaryCollection.h; sourceTree = "<group>"; };
		657FCB1D182149C8002DA371 /* SCASummaryCollection.m */ = {isa = PBXFileReference; fileEncoding = 4; lastKnownFileType = sourcecode.c.objc; path = SCASummaryCollection.m; sourceTree = "<group>"; };
		657FCB1E182149C8002DA371 /* SCASummaryResult.h */ = {isa = PBXFileReference; fileEncoding = 4; lastKnownFileType = sourcecode.c.h; path = SCASummaryResult.h; sourceTree = "<group>"; };
		657FCB1F182149C8002DA371 /* SCASummaryResult.m */ = {isa = PBXFileReference; fileEncoding = 4; lastKnownFileType = sourcecode.c.objc; path = SCASummaryResult.m; sourceTree = "<group>"; };
		657FCB20182149C8002DA371 /* SCATemperMeterValues.h */ = {isa = PBXFileReference; fileEncoding = 4; lastKnownFileType = sourcecode.c.h; path = SCATemperMeterValues.h; sourceTree = "<group>"; };
		657FCB21182149C8002DA371 /* SCATemperMeterValues.m */ = {isa = PBXFileReference; fileEncoding = 4; lastKnownFileType = sourcecode.c.objc; path = SCATemperMeterValues.m; sourceTree = "<group>"; };
		657FCB22182149C8002DA371 /* SCAVoteResult.h */ = {isa = PBXFileReference; fileEncoding = 4; lastKnownFileType = sourcecode.c.h; path = SCAVoteResult.h; sourceTree = "<group>"; };
		657FCB23182149C8002DA371 /* SCAVoteResult.m */ = {isa = PBXFileReference; fileEncoding = 4; lastKnownFileType = sourcecode.c.objc; path = SCAVoteResult.m; sourceTree = "<group>"; };
		657FCB24182149C8002DA371 /* SCAEmotionsAnalyzer.h */ = {isa = PBXFileReference; fileEncoding = 4; lastKnownFileType = sourcecode.c.h; path = SCAEmotionsAnalyzer.h; sourceTree = "<group>"; };
		657FCB25182149C8002DA371 /* SCAEmotionsAnalyzer.m */ = {isa = PBXFileReference; fileEncoding = 4; lastKnownFileType = sourcecode.c.objc; path = SCAEmotionsAnalyzer.m; sourceTree = "<group>"; };
		657FCB27182149C8002DA371 /* SCAAnalysisResponder.h */ = {isa = PBXFileReference; fileEncoding = 4; lastKnownFileType = sourcecode.c.h; path = SCAAnalysisResponder.h; sourceTree = "<group>"; };
		657FCB28182149C8002DA371 /* SCAAnalysisResponder.m */ = {isa = PBXFileReference; fileEncoding = 4; lastKnownFileType = sourcecode.c.objc; path = SCAAnalysisResponder.m; sourceTree = "<group>"; };
		657FCB29182149C8002DA371 /* SCAAnalysisResponderDelegate.h */ = {isa = PBXFileReference; fileEncoding = 4; lastKnownFileType = sourcecode.c.h; path = SCAAnalysisResponderDelegate.h; sourceTree = "<group>"; };
		657FCB2A182149C8002DA371 /* SCAEmotionAnalysisHosts.h */ = {isa = PBXFileReference; fileEncoding = 4; lastKnownFileType = sourcecode.c.h; path = SCAEmotionAnalysisHosts.h; sourceTree = "<group>"; };
		657FCB2B182149C8002DA371 /* SCAEmotionAnalysisHosts.m */ = {isa = PBXFileReference; fileEncoding = 4; lastKnownFileType = sourcecode.c.objc; path = SCAEmotionAnalysisHosts.m; sourceTree = "<group>"; };
		657FCB2C182149C8002DA371 /* SCAEmotionsAnalyzerSession.h */ = {isa = PBXFileReference; fileEncoding = 4; lastKnownFileType = sourcecode.c.h; path = SCAEmotionsAnalyzerSession.h; sourceTree = "<group>"; };
		657FCB2D182149C8002DA371 /* SCAEmotionsAnalyzerSession.m */ = {isa = PBXFileReference; fileEncoding = 4; lastKnownFileType = sourcecode.c.objc; path = SCAEmotionsAnalyzerSession.m; sourceTree = "<group>"; };
		657FCB2E182149C8002DA371 /* SCAEmotionsAnalyzerSessionDelegate.h */ = {isa = PBXFileReference; fileEncoding = 4; lastKnownFileType = sourcecode.c.h; path = SCAEmotionsAnalyzerSessionDelegate.h; sourceTree = "<group>"; };
		657FCB2F182149C8002DA371 /* SCAEmotionsAnalyzerSummaryDelegate.h */ = {isa = PBXFileReference; fileEncoding = 4; lastKnownFileType = sourcecode.c.h; path = SCAEmotionsAnalyzerSummaryDelegate.h; sourceTree = "<group>"; };
		657FCB30182149C8002DA371 /* SCAEmotionsAnalyzerVoteDelegate.h */ = {isa = PBXFileReference; fileEncoding = 4; lastKnownFileType = sourcecode.c.h; path = SCAEmotionsAnalyzerVoteDelegate.h; sourceTree = "<group>"; };
		657FCB31182149C8002DA371 /* SCAStartSessionResponder.h */ = {isa = PBXFileReference; fileEncoding = 4; lastKnownFileType = sourcecode.c.h; path = SCAStartSessionResponder.h; sourceTree = "<group>"; };
		657FCB32182149C8002DA371 /* SCAStartSessionResponder.m */ = {isa = PBXFileReference; fileEncoding = 4; lastKnownFileType = sourcecode.c.objc; path = SCAStartSessionResponder.m; sourceTree = "<group>"; };
		657FCB33182149C8002DA371 /* SCAStartSessionResponderDelegate.h */ = {isa = PBXFileReference; fileEncoding = 4; lastKnownFileType = sourcecode.c.h; path = SCAStartSessionResponderDelegate.h; sourceTree = "<group>"; };
		657FCB34182149C8002DA371 /* SCASummaryResponder.h */ = {isa = PBXFileReference; fileEncoding = 4; lastKnownFileType = sourcecode.c.h; path = SCASummaryResponder.h; sourceTree = "<group>"; };
		657FCB35182149C8002DA371 /* SCASummaryResponder.m */ = {isa = PBXFileReference; fileEncoding = 4; lastKnownFileType = sourcecode.c.objc; path = SCASummaryResponder.m; sourceTree = "<group>"; };
		657FCB36182149C8002DA371 /* SCASummaryResponderDelegate.h */ = {isa = PBXFileReference; fileEncoding = 4; lastKnownFileType = sourcecode.c.h; path = SCASummaryResponderDelegate.h; sourceTree = "<group>"; };
		657FCB37182149C8002DA371 /* SCAUpStreamVoiceResponder.h */ = {isa = PBXFileReference; fileEncoding = 4; lastKnownFileType = sourcecode.c.h; path = SCAUpStreamVoiceResponder.h; sourceTree = "<group>"; };
		657FCB38182149C8002DA371 /* SCAUpStreamVoiceResponder.m */ = {isa = PBXFileReference; fileEncoding = 4; lastKnownFileType = sourcecode.c.objc; path = SCAUpStreamVoiceResponder.m; sourceTree = "<group>"; };
		657FCB39182149C8002DA371 /* SCAUpStreamVoiceResponderDelegate.h */ = {isa = PBXFileReference; fileEncoding = 4; lastKnownFileType = sourcecode.c.h; path = SCAUpStreamVoiceResponderDelegate.h; sourceTree = "<group>"; };
		657FCB3A182149C8002DA371 /* SCAVoteResponder.h */ = {isa = PBXFileReference; fileEncoding = 4; lastKnownFileType = sourcecode.c.h; path = SCAVoteResponder.h; sourceTree = "<group>"; };
		657FCB3B182149C8002DA371 /* SCAVoteResponder.m */ = {isa = PBXFileReference; fileEncoding = 4; lastKnownFileType = sourcecode.c.objc; path = SCAVoteResponder.m; sourceTree = "<group>"; };
		657FCB3C182149C8002DA371 /* SCAVoteResponderDelegate.h */ = {isa = PBXFileReference; fileEncoding = 4; lastKnownFileType = sourcecode.c.h; path = SCAVoteResponderDelegate.h; sourceTree = "<group>"; };
		657FCB3E182149C8002DA371 /* AppDelegate.h */ = {isa = PBXFileReference; fileEncoding = 4; lastKnownFileType = sourcecode.c.h; path = AppDelegate.h; sourceTree = "<group>"; };
		657FCB3F182149C8002DA371 /* AppDelegate.m */ = {isa = PBXFileReference; fileEncoding = 4; lastKnownFileType = sourcecode.c.objc; path = AppDelegate.m; sourceTree = "<group>"; };
		657FCB40182149C8002DA371 /* DetailsViewController.h */ = {isa = PBXFileReference; fileEncoding = 4; lastKnownFileType = sourcecode.c.h; path = DetailsViewController.h; sourceTree = "<group>"; };
		657FCB41182149C8002DA371 /* DetailsViewController.m */ = {isa = PBXFileReference; fileEncoding = 4; lastKnownFileType = sourcecode.c.objc; path = DetailsViewController.m; sourceTree = "<group>"; };
		657FCB42182149C8002DA371 /* DetailsViewController.xib */ = {isa = PBXFileReference; fileEncoding = 4; lastKnownFileType = file.xib; path = DetailsViewController.xib; sourceTree = "<group>"; };
		657FCB43182149C8002DA371 /* MainViewController.h */ = {isa = PBXFileReference; fileEncoding = 4; lastKnownFileType = sourcecode.c.h; path = MainViewController.h; sourceTree = "<group>"; };
		657FCB44182149C8002DA371 /* MainViewController.m */ = {isa = PBXFileReference; fileEncoding = 4; lastKnownFileType = sourcecode.c.objc; path = MainViewController.m; sourceTree = "<group>"; };
		657FCB45182149C8002DA371 /* MainViewController.xib */ = {isa = PBXFileReference; fileEncoding = 4; lastKnownFileType = file.xib; path = MainViewController.xib; sourceTree = "<group>"; };
		657FCB46182149C8002DA371 /* Sample.WAV */ = {isa = PBXFileReference; lastKnownFileType = audio.wav; path = Sample.WAV; sourceTree = "<group>"; };
		657FCBAB18214A6F002DA371 /* en */ = {isa = PBXFileReference; lastKnownFileType = text.plist.strings; name = en; path = InfoPlist.strings; sourceTree = "<group>"; };
		657FCBAC18214A6F002DA371 /* main.m */ = {isa = PBXFileReference; fileEncoding = 4; lastKnownFileType = sourcecode.c.objc; path = main.m; sourceTree = "<group>"; };
		657FCBAE18214A6F002DA371 /* Scarlett-Prefix.pch */ = {isa = PBXFileReference; fileEncoding = 4; lastKnownFileType = sourcecode.c.h; path = "Scarlett-Prefix.pch"; sourceTree = "<group>"; };
		657FCBB5182153F7002DA371 /* OpenUDID.h */ = {isa = PBXFileReference; fileEncoding = 4; lastKnownFileType = sourcecode.c.h; path = OpenUDID.h; sourceTree = "<group>"; };
		657FCBB6182153F7002DA371 /* OpenUDID.m */ = {isa = PBXFileReference; fileEncoding = 4; lastKnownFileType = sourcecode.c.objc; path = OpenUDID.m; sourceTree = "<group>"; };
		657FCBBD18215856002DA371 /* VoiceDataStreamer.h */ = {isa = PBXFileReference; fileEncoding = 4; lastKnownFileType = sourcecode.c.h; path = VoiceDataStreamer.h; sourceTree = "<group>"; };
		657FCBBE18215856002DA371 /* VoiceDataStreamer.m */ = {isa = PBXFileReference; fileEncoding = 4; lastKnownFileType = sourcecode.c.objc; path = VoiceDataStreamer.m; sourceTree = "<group>"; };
		657FCBC118216442002DA371 /* VoiceRecorder.h */ = {isa = PBXFileReference; fileEncoding = 4; lastKnownFileType = sourcecode.c.h; path = VoiceRecorder.h; sourceTree = "<group>"; };
		657FCBC218216442002DA371 /* VoiceRecorder.m */ = {isa = PBXFileReference; fileEncoding = 4; lastKnownFileType = sourcecode.c.objc; path = VoiceRecorder.m; sourceTree = "<group>"; };
		657FCBC81822531F002DA371 /* ScarlettSDK.rtf */ = {isa = PBXFileReference; fileEncoding = 4; lastKnownFileType = text.rtf; path = ScarlettSDK.rtf; sourceTree = "<group>"; };
		657FCBCC182293C6002DA371 /* Scarlett-Info.plist */ = {isa = PBXFileReference; lastKnownFileType = text.plist.xml; path = "Scarlett-Info.plist"; sourceTree = "<group>"; };
		65C5F57B1813B2BF0012328F /* Scarlett.app */ = {isa = PBXFileReference; explicitFileType = wrapper.application; includeInIndex = 0; path = Scarlett.app; sourceTree = BUILT_PRODUCTS_DIR; };
		65C5F57E1813B2BF0012328F /* Foundation.framework */ = {isa = PBXFileReference; lastKnownFileType = wrapper.framework; name = Foundation.framework; path = System/Library/Frameworks/Foundation.framework; sourceTree = SDKROOT; };
		65C5F5801813B2BF0012328F /* CoreGraphics.framework */ = {isa = PBXFileReference; lastKnownFileType = wrapper.framework; name = CoreGraphics.framework; path = System/Library/Frameworks/CoreGraphics.framework; sourceTree = SDKROOT; };
		65C5F5821813B2BF0012328F /* UIKit.framework */ = {isa = PBXFileReference; lastKnownFileType = wrapper.framework; name = UIKit.framework; path = System/Library/Frameworks/UIKit.framework; sourceTree = SDKROOT; };
		65C5F59C1813B2BF0012328F /* ScarlettTests.xctest */ = {isa = PBXFileReference; explicitFileType = wrapper.cfbundle; includeInIndex = 0; path = ScarlettTests.xctest; sourceTree = BUILT_PRODUCTS_DIR; };
		65C5F78118140C090012328F /* AudioToolbox.framework */ = {isa = PBXFileReference; lastKnownFileType = wrapper.framework; name = AudioToolbox.framework; path = System/Library/Frameworks/AudioToolbox.framework; sourceTree = SDKROOT; };
/* End PBXFileReference section */

/* Begin PBXFrameworksBuildPhase section */
		65C5F5781813B2BF0012328F /* Frameworks */ = {
			isa = PBXFrameworksBuildPhase;
			buildActionMask = 2147483647;
			files = (
				65C5F78218140C0A0012328F /* AudioToolbox.framework in Frameworks */,
				65C5F5811813B2BF0012328F /* CoreGraphics.framework in Frameworks */,
				65C5F5831813B2BF0012328F /* UIKit.framework in Frameworks */,
				65C5F57F1813B2BF0012328F /* Foundation.framework in Frameworks */,
			);
			runOnlyForDeploymentPostprocessing = 0;
		};
		65C5F5991813B2BF0012328F /* Frameworks */ = {
			isa = PBXFrameworksBuildPhase;
			buildActionMask = 2147483647;
			files = (
				65C5F5A01813B2BF0012328F /* UIKit.framework in Frameworks */,
				65C5F59F1813B2BF0012328F /* Foundation.framework in Frameworks */,
			);
			runOnlyForDeploymentPostprocessing = 0;
		};
/* End PBXFrameworksBuildPhase section */

/* Begin PBXGroup section */
		657FCAE6182149C8002DA371 /* ScarlettSDK */ = {
			isa = PBXGroup;
			children = (
				657FCB24182149C8002DA371 /* SCAEmotionsAnalyzer.h */,
				657FCB25182149C8002DA371 /* SCAEmotionsAnalyzer.m */,
				657FCAE7182149C8002DA371 /* DataFormat */,
				657FCAEF182149C8002DA371 /* Extensions */,
				657FCAFA182149C8002DA371 /* Request */,
				657FCB05182149C8002DA371 /* Response */,
				657FCB26182149C8002DA371 /* Session */,
			);
			path = ScarlettSDK;
			sourceTree = "<group>";
		};
		657FCAE7182149C8002DA371 /* DataFormat */ = {
			isa = PBXGroup;
			children = (
				657FCAE8182149C8002DA371 /* SCAAudioEncodingFormat.h */,
				657FCAE9182149C8002DA371 /* SCABaseDataFormat.h */,
				657FCAEA182149C8002DA371 /* SCABaseDataFormat.m */,
				657FCAEB182149C8002DA371 /* SCAPcmDataFormat.h */,
				657FCAEC182149C8002DA371 /* SCAPcmDataFormat.m */,
				657FCAED182149C8002DA371 /* SCAWavDataFormat.h */,
				657FCAEE182149C8002DA371 /* SCAWavDataFormat.m */,
			);
			path = DataFormat;
			sourceTree = "<group>";
		};
		657FCAEF182149C8002DA371 /* Extensions */ = {
			isa = PBXGroup;
			children = (
				657FCBB5182153F7002DA371 /* OpenUDID.h */,
				657FCBB6182153F7002DA371 /* OpenUDID.m */,
				657FCAF0182149C8002DA371 /* NSStream_BoundPairAdditions.h */,
				657FCAF1182149C8002DA371 /* NSStream_BoundPairAdditions.m */,
				657FCAF2182149C8002DA371 /* SCAMillisecondsUtils.h */,
				657FCAF3182149C8002DA371 /* SCAMillisecondsUtils.m */,
				657FCAF4182149C8002DA371 /* SCAStreamPostManager.h */,
				657FCAF5182149C8002DA371 /* SCAStreamPostManager.m */,
				657FCAF6182149C8002DA371 /* SCAStreamPostManagerDelegate.h */,
				657FCAF7182149C8002DA371 /* SCAUrlRequest.h */,
				657FCAF8182149C8002DA371 /* SCAUrlRequest.m */,
				657FCAF9182149C8002DA371 /* SCAUrlRequestDelegate.h */,
			);
			path = Extensions;
			sourceTree = "<group>";
		};
		657FCAFA182149C8002DA371 /* Request */ = {
			isa = PBXGroup;
			children = (
				657FCAFB182149C8002DA371 /* SCAGeoLocation.h */,
				657FCAFC182149C8002DA371 /* SCAGeoLocation.m */,
				657FCAFD182149C8002DA371 /* SCARecorderInfo.h */,
				657FCAFE182149C8002DA371 /* SCARecorderInfo.m */,
				657FCAFF182149C8002DA371 /* SCARequiredAnalysis.h */,
				657FCB00182149C8002DA371 /* SCARequiredAnalysis.m */,
				657FCB01182149C8002DA371 /* SCASessionParameters.h */,
				657FCB02182149C8002DA371 /* SCASessionParameters.m */,
				657FCB03182149C8002DA371 /* SCAVote.h */,
				657FCB04182149C8002DA371 /* SCAVote.m */,
			);
			path = Request;
			sourceTree = "<group>";
		};
		657FCB05182149C8002DA371 /* Response */ = {
			isa = PBXGroup;
			children = (
				657FCB06182149C8002DA371 /* SCAAnalysisCollection.h */,
				657FCB07182149C8002DA371 /* SCAAnalysisCollection.m */,
				657FCB08182149C8002DA371 /* SCAAnalysisResult.h */,
				657FCB09182149C8002DA371 /* SCAAnalysisResult.m */,
				657FCB0A182149C8002DA371 /* SCACompositStringAnalysis.h */,
				657FCB0B182149C8002DA371 /* SCACompositStringAnalysis.m */,
				657FCB0C182149C8002DA371 /* SCAFloatAnalysis.h */,
				657FCB0D182149C8002DA371 /* SCAFloatAnalysis.m */,
				657FCB0E182149C8002DA371 /* SCAFollowupActions.h */,
				657FCB0F182149C8002DA371 /* SCAFollowupActions.m */,
				657FCB10182149C8002DA371 /* SCAHeirarchyStringAnalysis.h */,
				657FCB11182149C8002DA371 /* SCAHeirarchyStringAnalysis.m */,
				657FCB12182149C8002DA371 /* SCAResponseStatuses.h */,
				657FCB13182149C8002DA371 /* SCAResponseStatuses.m */,
				657FCB14182149C8002DA371 /* SCASegment.h */,
				657FCB15182149C8002DA371 /* SCASegment.m */,
				657FCB16182149C8002DA371 /* SCASessionStatuses.h */,
				657FCB17182149C8002DA371 /* SCASessionStatuses.m */,
				657FCB18182149C8002DA371 /* SCAStartSessionResult.h */,
				657FCB19182149C8002DA371 /* SCAStartSessionResult.m */,
				657FCB1A182149C8002DA371 /* SCAStringAnalysis.h */,
				657FCB1B182149C8002DA371 /* SCAStringAnalysis.m */,
				657FCB1C182149C8002DA371 /* SCASummaryCollection.h */,
				657FCB1D182149C8002DA371 /* SCASummaryCollection.m */,
				657FCB1E182149C8002DA371 /* SCASummaryResult.h */,
				657FCB1F182149C8002DA371 /* SCASummaryResult.m */,
				657FCB20182149C8002DA371 /* SCATemperMeterValues.h */,
				657FCB21182149C8002DA371 /* SCATemperMeterValues.m */,
				657FCB22182149C8002DA371 /* SCAVoteResult.h */,
				657FCB23182149C8002DA371 /* SCAVoteResult.m */,
			);
			path = Response;
			sourceTree = "<group>";
		};
		657FCB26182149C8002DA371 /* Session */ = {
			isa = PBXGroup;
			children = (
				657FCB27182149C8002DA371 /* SCAAnalysisResponder.h */,
				657FCB28182149C8002DA371 /* SCAAnalysisResponder.m */,
				657FCB29182149C8002DA371 /* SCAAnalysisResponderDelegate.h */,
				657FCB2A182149C8002DA371 /* SCAEmotionAnalysisHosts.h */,
				657FCB2B182149C8002DA371 /* SCAEmotionAnalysisHosts.m */,
				657FCB2C182149C8002DA371 /* SCAEmotionsAnalyzerSession.h */,
				657FCB2D182149C8002DA371 /* SCAEmotionsAnalyzerSession.m */,
				657FCB2E182149C8002DA371 /* SCAEmotionsAnalyzerSessionDelegate.h */,
				657FCB2F182149C8002DA371 /* SCAEmotionsAnalyzerSummaryDelegate.h */,
				657FCB30182149C8002DA371 /* SCAEmotionsAnalyzerVoteDelegate.h */,
				657FCB31182149C8002DA371 /* SCAStartSessionResponder.h */,
				657FCB32182149C8002DA371 /* SCAStartSessionResponder.m */,
				657FCB33182149C8002DA371 /* SCAStartSessionResponderDelegate.h */,
				657FCB34182149C8002DA371 /* SCASummaryResponder.h */,
				657FCB35182149C8002DA371 /* SCASummaryResponder.m */,
				657FCB36182149C8002DA371 /* SCASummaryResponderDelegate.h */,
				657FCB37182149C8002DA371 /* SCAUpStreamVoiceResponder.h */,
				657FCB38182149C8002DA371 /* SCAUpStreamVoiceResponder.m */,
				657FCB39182149C8002DA371 /* SCAUpStreamVoiceResponderDelegate.h */,
				657FCB3A182149C8002DA371 /* SCAVoteResponder.h */,
				657FCB3B182149C8002DA371 /* SCAVoteResponder.m */,
				657FCB3C182149C8002DA371 /* SCAVoteResponderDelegate.h */,
			);
			path = Session;
			sourceTree = "<group>";
		};
		657FCB3D182149C8002DA371 /* ScarlettTester */ = {
			isa = PBXGroup;
			children = (
				657FCB3E182149C8002DA371 /* AppDelegate.h */,
				657FCB3F182149C8002DA371 /* AppDelegate.m */,
				657FCB43182149C8002DA371 /* MainViewController.h */,
				657FCB44182149C8002DA371 /* MainViewController.m */,
				657FCB45182149C8002DA371 /* MainViewController.xib */,
				657FCB40182149C8002DA371 /* DetailsViewController.h */,
				657FCB41182149C8002DA371 /* DetailsViewController.m */,
				657FCB42182149C8002DA371 /* DetailsViewController.xib */,
				657FCBBD18215856002DA371 /* VoiceDataStreamer.h */,
				657FCBBE18215856002DA371 /* VoiceDataStreamer.m */,
				657FCBC118216442002DA371 /* VoiceRecorder.h */,
				657FCBC218216442002DA371 /* VoiceRecorder.m */,
				657FCB46182149C8002DA371 /* Sample.WAV */,
			);
			path = ScarlettTester;
			sourceTree = "<group>";
		};
		657FCBA818214A51002DA371 /* Supporting Files */ = {
			isa = PBXGroup;
			children = (
				657FCBA918214A6F002DA371 /* en.lproj */,
				657FCBAC18214A6F002DA371 /* main.m */,
				657FCBAE18214A6F002DA371 /* Scarlett-Prefix.pch */,
				657FCBCC182293C6002DA371 /* Scarlett-Info.plist */,
			);
			name = "Supporting Files";
			sourceTree = "<group>";
		};
		657FCBA918214A6F002DA371 /* en.lproj */ = {
			isa = PBXGroup;
			children = (
				657FCBAA18214A6F002DA371 /* InfoPlist.strings */,
			);
			path = en.lproj;
			sourceTree = "<group>";
		};
		65C5F5721813B2BF0012328F = {
			isa = PBXGroup;
			children = (
				65C5F5841813B2BF0012328F /* Scarlett */,
				65C5F57D1813B2BF0012328F /* Frameworks */,
				65C5F57C1813B2BF0012328F /* Products */,
			);
			sourceTree = "<group>";
		};
		65C5F57C1813B2BF0012328F /* Products */ = {
			isa = PBXGroup;
			children = (
				65C5F57B1813B2BF0012328F /* Scarlett.app */,
				65C5F59C1813B2BF0012328F /* ScarlettTests.xctest */,
			);
			name = Products;
			sourceTree = "<group>";
		};
		65C5F57D1813B2BF0012328F /* Frameworks */ = {
			isa = PBXGroup;
			children = (
				65C5F78118140C090012328F /* AudioToolbox.framework */,
				65C5F57E1813B2BF0012328F /* Foundation.framework */,
				65C5F5801813B2BF0012328F /* CoreGraphics.framework */,
				65C5F5821813B2BF0012328F /* UIKit.framework */,
			);
			name = Frameworks;
			sourceTree = "<group>";
		};
		65C5F5841813B2BF0012328F /* Scarlett */ = {
			isa = PBXGroup;
			children = (
				657FCAE6182149C8002DA371 /* ScarlettSDK */,
				657FCB3D182149C8002DA371 /* ScarlettTester */,
				657FCBA818214A51002DA371 /* Supporting Files */,
				657FCBC81822531F002DA371 /* ScarlettSDK.rtf */,
			);
			path = Scarlett;
			sourceTree = "<group>";
		};
/* End PBXGroup section */

/* Begin PBXNativeTarget section */
		65C5F57A1813B2BF0012328F /* Scarlett */ = {
			isa = PBXNativeTarget;
			buildConfigurationList = 65C5F5AD1813B2BF0012328F /* Build configuration list for PBXNativeTarget "Scarlett" */;
			buildPhases = (
				65C5F5771813B2BF0012328F /* Sources */,
				65C5F5781813B2BF0012328F /* Frameworks */,
				65C5F5791813B2BF0012328F /* Resources */,
			);
			buildRules = (
			);
			dependencies = (
			);
			name = Scarlett;
			productName = Scarlett;
			productReference = 65C5F57B1813B2BF0012328F /* Scarlett.app */;
			productType = "com.apple.product-type.application";
		};
		65C5F59B1813B2BF0012328F /* ScarlettTests */ = {
			isa = PBXNativeTarget;
			buildConfigurationList = 65C5F5B01813B2BF0012328F /* Build configuration list for PBXNativeTarget "ScarlettTests" */;
			buildPhases = (
				65C5F5981813B2BF0012328F /* Sources */,
				65C5F5991813B2BF0012328F /* Frameworks */,
				65C5F59A1813B2BF0012328F /* Resources */,
			);
			buildRules = (
			);
			dependencies = (
				65C5F5A21813B2BF0012328F /* PBXTargetDependency */,
			);
			name = ScarlettTests;
			productName = ScarlettTests;
			productReference = 65C5F59C1813B2BF0012328F /* ScarlettTests.xctest */;
			productType = "com.apple.product-type.bundle.unit-test";
		};
/* End PBXNativeTarget section */

/* Begin PBXProject section */
		65C5F5731813B2BF0012328F /* Project object */ = {
			isa = PBXProject;
			attributes = {
				LastUpgradeCheck = 0500;
				ORGANIZATIONNAME = BeyondVerbals;
				TargetAttributes = {
					65C5F59B1813B2BF0012328F = {
						TestTargetID = 65C5F57A1813B2BF0012328F;
					};
				};
			};
			buildConfigurationList = 65C5F5761813B2BF0012328F /* Build configuration list for PBXProject "Scarlett" */;
			compatibilityVersion = "Xcode 3.2";
			developmentRegion = English;
			hasScannedForEncodings = 0;
			knownRegions = (
				en,
				Base,
			);
			mainGroup = 65C5F5721813B2BF0012328F;
			productRefGroup = 65C5F57C1813B2BF0012328F /* Products */;
			projectDirPath = "";
			projectRoot = "";
			targets = (
				65C5F57A1813B2BF0012328F /* Scarlett */,
				65C5F59B1813B2BF0012328F /* ScarlettTests */,
			);
		};
/* End PBXProject section */

/* Begin PBXResourcesBuildPhase section */
		65C5F5791813B2BF0012328F /* Resources */ = {
			isa = PBXResourcesBuildPhase;
			buildActionMask = 2147483647;
			files = (
				657FCBC91822531F002DA371 /* ScarlettSDK.rtf in Resources */,
				657FCB9D182149C8002DA371 /* Sample.WAV in Resources */,
				657FCBAF18214A6F002DA371 /* InfoPlist.strings in Resources */,
				657FCB97182149C8002DA371 /* DetailsViewController.xib in Resources */,
				657FCB9B182149C8002DA371 /* MainViewController.xib in Resources */,
			);
			runOnlyForDeploymentPostprocessing = 0;
		};
		65C5F59A1813B2BF0012328F /* Resources */ = {
			isa = PBXResourcesBuildPhase;
			buildActionMask = 2147483647;
			files = (
				657FCBCA1822531F002DA371 /* ScarlettSDK.rtf in Resources */,
				657FCB9E182149C8002DA371 /* Sample.WAV in Resources */,
				657FCBB018214A6F002DA371 /* InfoPlist.strings in Resources */,
				657FCB98182149C8002DA371 /* DetailsViewController.xib in Resources */,
				657FCB9C182149C8002DA371 /* MainViewController.xib in Resources */,
			);
			runOnlyForDeploymentPostprocessing = 0;
		};
/* End PBXResourcesBuildPhase section */

/* Begin PBXSourcesBuildPhase section */
		65C5F5771813B2BF0012328F /* Sources */ = {
			isa = PBXSourcesBuildPhase;
			buildActionMask = 2147483647;
			files = (
				657FCBBF18215856002DA371 /* VoiceDataStreamer.m in Sources */,
				657FCB69182149C8002DA371 /* SCACompositStringAnalysis.m in Sources */,
				657FCB7F182149C8002DA371 /* SCATemperMeterValues.m in Sources */,
				657FCB63182149C8002DA371 /* SCAVote.m in Sources */,
				657FCB71182149C8002DA371 /* SCAResponseStatuses.m in Sources */,
				657FCB4F182149C8002DA371 /* SCAPcmDataFormat.m in Sources */,
				657FCBC318216442002DA371 /* VoiceRecorder.m in Sources */,
				657FCB79182149C8002DA371 /* SCAStringAnalysis.m in Sources */,
				657FCB6B182149C8002DA371 /* SCAFloatAnalysis.m in Sources */,
				657FCB65182149C8002DA371 /* SCAAnalysisCollection.m in Sources */,
				657FCB95182149C8002DA371 /* DetailsViewController.m in Sources */,
				657FCB99182149C8002DA371 /* MainViewController.m in Sources */,
				657FCB8F182149C8002DA371 /* SCAUpStreamVoiceResponder.m in Sources */,
				657FCB4D182149C8002DA371 /* SCABaseDataFormat.m in Sources */,
				657FCB5B182149C8002DA371 /* SCAGeoLocation.m in Sources */,
				657FCBB118214A6F002DA371 /* main.m in Sources */,
				657FCB81182149C8002DA371 /* SCAVoteResult.m in Sources */,
				657FCB67182149C8002DA371 /* SCAAnalysisResult.m in Sources */,
				657FCB77182149C8002DA371 /* SCAStartSessionResult.m in Sources */,
				657FCB93182149C8002DA371 /* AppDelegate.m in Sources */,
				657FCB7B182149C8002DA371 /* SCASummaryCollection.m in Sources */,
				657FCB55182149C8002DA371 /* SCAMillisecondsUtils.m in Sources */,
				657FCB57182149C8002DA371 /* SCAStreamPostManager.m in Sources */,
				657FCB91182149C8002DA371 /* SCAVoteResponder.m in Sources */,
				657FCB6D182149C8002DA371 /* SCAFollowupActions.m in Sources */,
				657FCB8B182149C8002DA371 /* SCAStartSessionResponder.m in Sources */,
				657FCB89182149C8002DA371 /* SCAEmotionsAnalyzerSession.m in Sources */,
				657FCB61182149C8002DA371 /* SCASessionParameters.m in Sources */,
				657FCB75182149C8002DA371 /* SCASessionStatuses.m in Sources */,
				657FCB5F182149C8002DA371 /* SCARequiredAnalysis.m in Sources */,
				657FCB87182149C8002DA371 /* SCAEmotionAnalysisHosts.m in Sources */,
				657FCBB7182153F7002DA371 /* OpenUDID.m in Sources */,
				657FCB53182149C8002DA371 /* NSStream_BoundPairAdditions.m in Sources */,
				657FCB83182149C8002DA371 /* SCAEmotionsAnalyzer.m in Sources */,
				657FCB6F182149C8002DA371 /* SCAHeirarchyStringAnalysis.m in Sources */,
				657FCB7D182149C8002DA371 /* SCASummaryResult.m in Sources */,
				657FCB51182149C8002DA371 /* SCAWavDataFormat.m in Sources */,
				657FCB59182149C8002DA371 /* SCAUrlRequest.m in Sources */,
				657FCB5D182149C8002DA371 /* SCARecorderInfo.m in Sources */,
				657FCB8D182149C8002DA371 /* SCASummaryResponder.m in Sources */,
				657FCB73182149C8002DA371 /* SCASegment.m in Sources */,
				657FCB85182149C8002DA371 /* SCAAnalysisResponder.m in Sources */,
			);
			runOnlyForDeploymentPostprocessing = 0;
		};
		65C5F5981813B2BF0012328F /* Sources */ = {
			isa = PBXSourcesBuildPhase;
			buildActionMask = 2147483647;
			files = (
				657FCBC018215856002DA371 /* VoiceDataStreamer.m in Sources */,
				657FCB6A182149C8002DA371 /* SCACompositStringAnalysis.m in Sources */,
				657FCB80182149C8002DA371 /* SCATemperMeterValues.m in Sources */,
				657FCB64182149C8002DA371 /* SCAVote.m in Sources */,
				657FCB72182149C8002DA371 /* SCAResponseStatuses.m in Sources */,
				657FCB50182149C8002DA371 /* SCAPcmDataFormat.m in Sources */,
				657FCBC418216442002DA371 /* VoiceRecorder.m in Sources */,
				657FCB7A182149C8002DA371 /* SCAStringAnalysis.m in Sources */,
				657FCB6C182149C8002DA371 /* SCAFloatAnalysis.m in Sources */,
				657FCB66182149C8002DA371 /* SCAAnalysisCollection.m in Sources */,
				657FCB96182149C8002DA371 /* DetailsViewController.m in Sources */,
				657FCB9A182149C8002DA371 /* MainViewController.m in Sources */,
				657FCB90182149C8002DA371 /* SCAUpStreamVoiceResponder.m in Sources */,
				657FCB4E182149C8002DA371 /* SCABaseDataFormat.m in Sources */,
				657FCB5C182149C8002DA371 /* SCAGeoLocation.m in Sources */,
				657FCBB218214A6F002DA371 /* main.m in Sources */,
				657FCB82182149C8002DA371 /* SCAVoteResult.m in Sources */,
				657FCB68182149C8002DA371 /* SCAAnalysisResult.m in Sources */,
				657FCB78182149C8002DA371 /* SCAStartSessionResult.m in Sources */,
				657FCB94182149C8002DA371 /* AppDelegate.m in Sources */,
				657FCB7C182149C8002DA371 /* SCASummaryCollection.m in Sources */,
				657FCB56182149C8002DA371 /* SCAMillisecondsUtils.m in Sources */,
				657FCB58182149C8002DA371 /* SCAStreamPostManager.m in Sources */,
				657FCB92182149C8002DA371 /* SCAVoteResponder.m in Sources */,
				657FCB6E182149C8002DA371 /* SCAFollowupActions.m in Sources */,
				657FCB8C182149C8002DA371 /* SCAStartSessionResponder.m in Sources */,
				657FCB8A182149C8002DA371 /* SCAEmotionsAnalyzerSession.m in Sources */,
				657FCB62182149C8002DA371 /* SCASessionParameters.m in Sources */,
				657FCB76182149C8002DA371 /* SCASessionStatuses.m in Sources */,
				657FCB60182149C8002DA371 /* SCARequiredAnalysis.m in Sources */,
				657FCB88182149C8002DA371 /* SCAEmotionAnalysisHosts.m in Sources */,
				657FCBB8182153F7002DA371 /* OpenUDID.m in Sources */,
				657FCB54182149C8002DA371 /* NSStream_BoundPairAdditions.m in Sources */,
				657FCB84182149C8002DA371 /* SCAEmotionsAnalyzer.m in Sources */,
				657FCB70182149C8002DA371 /* SCAHeirarchyStringAnalysis.m in Sources */,
				657FCB7E182149C8002DA371 /* SCASummaryResult.m in Sources */,
				657FCB52182149C8002DA371 /* SCAWavDataFormat.m in Sources */,
				657FCB5A182149C8002DA371 /* SCAUrlRequest.m in Sources */,
				657FCB5E182149C8002DA371 /* SCARecorderInfo.m in Sources */,
				657FCB8E182149C8002DA371 /* SCASummaryResponder.m in Sources */,
				657FCB74182149C8002DA371 /* SCASegment.m in Sources */,
				657FCB86182149C8002DA371 /* SCAAnalysisResponder.m in Sources */,
			);
			runOnlyForDeploymentPostprocessing = 0;
		};
/* End PBXSourcesBuildPhase section */

/* Begin PBXTargetDependency section */
		65C5F5A21813B2BF0012328F /* PBXTargetDependency */ = {
			isa = PBXTargetDependency;
			target = 65C5F57A1813B2BF0012328F /* Scarlett */;
			targetProxy = 65C5F5A11813B2BF0012328F /* PBXContainerItemProxy */;
		};
/* End PBXTargetDependency section */

/* Begin PBXVariantGroup section */
		657FCBAA18214A6F002DA371 /* InfoPlist.strings */ = {
			isa = PBXVariantGroup;
			children = (
				657FCBAB18214A6F002DA371 /* en */,
			);
			name = InfoPlist.strings;
			sourceTree = "<group>";
		};
/* End PBXVariantGroup section */

/* Begin XCBuildConfiguration section */
		65C5F5AB1813B2BF0012328F /* Debug */ = {
			isa = XCBuildConfiguration;
			buildSettings = {
				ALWAYS_SEARCH_USER_PATHS = NO;
				ARCHS = "$(ARCHS_STANDARD_INCLUDING_64_BIT)";
				CLANG_CXX_LANGUAGE_STANDARD = "gnu++0x";
				CLANG_CXX_LIBRARY = "libc++";
				CLANG_ENABLE_MODULES = YES;
				CLANG_ENABLE_OBJC_ARC = YES;
				CLANG_WARN_BOOL_CONVERSION = YES;
				CLANG_WARN_CONSTANT_CONVERSION = YES;
				CLANG_WARN_DIRECT_OBJC_ISA_USAGE = YES_ERROR;
				CLANG_WARN_EMPTY_BODY = YES;
				CLANG_WARN_ENUM_CONVERSION = YES;
				CLANG_WARN_INT_CONVERSION = YES;
				CLANG_WARN_OBJC_ROOT_CLASS = YES_ERROR;
				CLANG_WARN__DUPLICATE_METHOD_MATCH = YES;
				"CODE_SIGN_IDENTITY[sdk=iphoneos*]" = "iPhone Developer";
				COPY_PHASE_STRIP = NO;
				GCC_C_LANGUAGE_STANDARD = gnu99;
				GCC_DYNAMIC_NO_PIC = NO;
				GCC_OPTIMIZATION_LEVEL = 0;
				GCC_PREPROCESSOR_DEFINITIONS = (
					"DEBUG=1",
					"$(inherited)",
				);
				GCC_SYMBOLS_PRIVATE_EXTERN = NO;
				GCC_WARN_64_TO_32_BIT_CONVERSION = YES;
				GCC_WARN_ABOUT_RETURN_TYPE = YES_ERROR;
				GCC_WARN_UNDECLARED_SELECTOR = YES;
				GCC_WARN_UNINITIALIZED_AUTOS = YES;
				GCC_WARN_UNUSED_FUNCTION = YES;
				GCC_WARN_UNUSED_VARIABLE = YES;
				IPHONEOS_DEPLOYMENT_TARGET = 7.0;
				ONLY_ACTIVE_ARCH = YES;
				SDKROOT = iphoneos;
			};
			name = Debug;
		};
		65C5F5AC1813B2BF0012328F /* Release */ = {
			isa = XCBuildConfiguration;
			buildSettings = {
				ALWAYS_SEARCH_USER_PATHS = NO;
				ARCHS = "$(ARCHS_STANDARD_INCLUDING_64_BIT)";
				CLANG_CXX_LANGUAGE_STANDARD = "gnu++0x";
				CLANG_CXX_LIBRARY = "libc++";
				CLANG_ENABLE_MODULES = YES;
				CLANG_ENABLE_OBJC_ARC = YES;
				CLANG_WARN_BOOL_CONVERSION = YES;
				CLANG_WARN_CONSTANT_CONVERSION = YES;
				CLANG_WARN_DIRECT_OBJC_ISA_USAGE = YES_ERROR;
				CLANG_WARN_EMPTY_BODY = YES;
				CLANG_WARN_ENUM_CONVERSION = YES;
				CLANG_WARN_INT_CONVERSION = YES;
				CLANG_WARN_OBJC_ROOT_CLASS = YES_ERROR;
				CLANG_WARN__DUPLICATE_METHOD_MATCH = YES;
				"CODE_SIGN_IDENTITY[sdk=iphoneos*]" = "iPhone Developer";
				COPY_PHASE_STRIP = YES;
				ENABLE_NS_ASSERTIONS = NO;
				GCC_C_LANGUAGE_STANDARD = gnu99;
				GCC_WARN_64_TO_32_BIT_CONVERSION = YES;
				GCC_WARN_ABOUT_RETURN_TYPE = YES_ERROR;
				GCC_WARN_UNDECLARED_SELECTOR = YES;
				GCC_WARN_UNINITIALIZED_AUTOS = YES;
				GCC_WARN_UNUSED_FUNCTION = YES;
				GCC_WARN_UNUSED_VARIABLE = YES;
				IPHONEOS_DEPLOYMENT_TARGET = 7.0;
				SDKROOT = iphoneos;
				VALIDATE_PRODUCT = YES;
			};
			name = Release;
		};
		65C5F5AE1813B2BF0012328F /* Debug */ = {
			isa = XCBuildConfiguration;
			buildSettings = {
				ARCHS = "$(ARCHS_STANDARD)";
				ASSETCATALOG_COMPILER_APPICON_NAME = AppIcon;
				ASSETCATALOG_COMPILER_LAUNCHIMAGE_NAME = LaunchImage;
				GCC_PRECOMPILE_PREFIX_HEADER = YES;
				GCC_PREFIX_HEADER = "Scarlett/Scarlett-Prefix.pch";
				INFOPLIST_FILE = "Scarlett/Scarlett-Info.plist";
				IPHONEOS_DEPLOYMENT_TARGET = 6.1;
				PRODUCT_NAME = "$(TARGET_NAME)";
				TARGETED_DEVICE_FAMILY = 1;
				WRAPPER_EXTENSION = app;
			};
			name = Debug;
		};
		65C5F5AF1813B2BF0012328F /* Release */ = {
			isa = XCBuildConfiguration;
			buildSettings = {
				ARCHS = "$(ARCHS_STANDARD)";
				ASSETCATALOG_COMPILER_APPICON_NAME = AppIcon;
				ASSETCATALOG_COMPILER_LAUNCHIMAGE_NAME = LaunchImage;
				GCC_PRECOMPILE_PREFIX_HEADER = YES;
				GCC_PREFIX_HEADER = "Scarlett/Scarlett-Prefix.pch";
				INFOPLIST_FILE = "Scarlett/Scarlett-Info.plist";
				IPHONEOS_DEPLOYMENT_TARGET = 6.1;
				PRODUCT_NAME = "$(TARGET_NAME)";
				TARGETED_DEVICE_FAMILY = 1;
				WRAPPER_EXTENSION = app;
			};
			name = Release;
		};
		65C5F5B11813B2BF0012328F /* Debug */ = {
			isa = XCBuildConfiguration;
			buildSettings = {
				ARCHS = "$(ARCHS_STANDARD_INCLUDING_64_BIT)";
				BUNDLE_LOADER = "$(BUILT_PRODUCTS_DIR)/Scarlett.app/Scarlett";
				FRAMEWORK_SEARCH_PATHS = (
					"$(SDKROOT)/Developer/Library/Frameworks",
					"$(inherited)",
					"$(DEVELOPER_FRAMEWORKS_DIR)",
				);
				GCC_PRECOMPILE_PREFIX_HEADER = YES;
				GCC_PREFIX_HEADER = "Scarlett/Scarlett-Prefix.pch";
				GCC_PREPROCESSOR_DEFINITIONS = (
					"DEBUG=1",
					"$(inherited)",
				);
				INFOPLIST_FILE = "ScarlettTests/ScarlettTests-Info.plist";
				PRODUCT_NAME = "$(TARGET_NAME)";
				TEST_HOST = "$(BUNDLE_LOADER)";
				WRAPPER_EXTENSION = xctest;
			};
			name = Debug;
		};
		65C5F5B21813B2BF0012328F /* Release */ = {
			isa = XCBuildConfiguration;
			buildSettings = {
				ARCHS = "$(ARCHS_STANDARD_INCLUDING_64_BIT)";
				BUNDLE_LOADER = "$(BUILT_PRODUCTS_DIR)/Scarlett.app/Scarlett";
				FRAMEWORK_SEARCH_PATHS = (
					"$(SDKROOT)/Developer/Library/Frameworks",
					"$(inherited)",
					"$(DEVELOPER_FRAMEWORKS_DIR)",
				);
				GCC_PRECOMPILE_PREFIX_HEADER = YES;
				GCC_PREFIX_HEADER = "Scarlett/Scarlett-Prefix.pch";
				INFOPLIST_FILE = "ScarlettTests/ScarlettTests-Info.plist";
				PRODUCT_NAME = "$(TARGET_NAME)";
				TEST_HOST = "$(BUNDLE_LOADER)";
				WRAPPER_EXTENSION = xctest;
			};
			name = Release;
		};
/* End XCBuildConfiguration section */

/* Begin XCConfigurationList section */
		65C5F5761813B2BF0012328F /* Build configuration list for PBXProject "Scarlett" */ = {
			isa = XCConfigurationList;
			buildConfigurations = (
				65C5F5AB1813B2BF0012328F /* Debug */,
				65C5F5AC1813B2BF0012328F /* Release */,
			);
			defaultConfigurationIsVisible = 0;
			defaultConfigurationName = Release;
		};
		65C5F5AD1813B2BF0012328F /* Build configuration list for PBXNativeTarget "Scarlett" */ = {
			isa = XCConfigurationList;
			buildConfigurations = (
				65C5F5AE1813B2BF0012328F /* Debug */,
				65C5F5AF1813B2BF0012328F /* Release */,
			);
			defaultConfigurationIsVisible = 0;
			defaultConfigurationName = Release;
		};
		65C5F5B01813B2BF0012328F /* Build configuration list for PBXNativeTarget "ScarlettTests" */ = {
			isa = XCConfigurationList;
			buildConfigurations = (
				65C5F5B11813B2BF0012328F /* Debug */,
				65C5F5B21813B2BF0012328F /* Release */,
			);
			defaultConfigurationIsVisible = 0;
			defaultConfigurationName = Release;
		};
/* End XCConfigurationList section */
	};
	rootObject = 65C5F5731813B2BF0012328F /* Project object */;
}
